
Microsoft Visual Studio Solution File, Format Version 12.00
# Visual Studio Version 16
VisualStudioVersion = 16.0.31613.86
MinimumVisualStudioVersion = 10.0.40219.1
Project("{FAE04EC0-301F-11D3-BF4B-00C04F79EFBC}") = "Problem1", "Problem1\Problem1.csproj", "{B430065C-D888-4C76-89B7-C018ED3980AF}"
EndProject
Project("{FAE04EC0-301F-11D3-BF4B-00C04F79EFBC}") = "Problem2", "Problem2\Problem2.csproj", "{B058EDE3-1F24-4E8E-846C-C1A3AF07C4BD}"
EndProject
Global
	GlobalSection(SolutionConfigurationPlatforms) = preSolution
		Debug|Any CPU = Debug|Any CPU
		Release|Any CPU = Release|Any CPU
	EndGlobalSection
	GlobalSection(ProjectConfigurationPlatforms) = postSolution
		{B430065C-D888-4C76-89B7-C018ED3980AF}.Debug|Any CPU.ActiveCfg = Debug|Any CPU
		{B430065C-D888-4C76-89B7-C018ED3980AF}.Debug|Any CPU.Build.0 = Debug|Any CPU
		{B430065C-D888-4C76-89B7-C018ED3980AF}.Release|Any CPU.ActiveCfg = Release|Any CPU
		{B430065C-D888-4C76-89B7-C018ED3980AF}.Release|Any CPU.Build.0 = Release|Any CPU
		{B058EDE3-1F24-4E8E-846C-C1A3AF07C4BD}.Debug|Any CPU.ActiveCfg = Debug|Any CPU
		{B058EDE3-1F24-4E8E-846C-C1A3AF07C4BD}.Debug|Any CPU.Build.0 = Debug|Any CPU
		{B058EDE3-1F24-4E8E-846C-C1A3AF07C4BD}.Release|Any CPU.ActiveCfg = Release|Any CPU
		{B058EDE3-1F24-4E8E-846C-C1A3AF07C4BD}.Release|Any CPU.Build.0 = Release|Any CPU
	EndGlobalSection
	GlobalSection(SolutionProperties) = preSolution
		HideSolutionNode = FALSE
	EndGlobalSection
	GlobalSection(ExtensibilityGlobals) = postSolution
		SolutionGuid = {78F49C90-2CB8-4CFE-8FCD-F83D347C37FF}
	EndGlobalSection
EndGlobal
